
Microsoft Visual Studio Solution File, Format Version 12.00
# Visual Studio Version 16
VisualStudioVersion = 16.0.29519.87
MinimumVisualStudioVersion = 10.0.40219.1
Project("{FAE04EC0-301F-11D3-BF4B-00C04F79EFBC}") = "Yoyo.ThemePicker", "Yoyo.ThemePicker\Yoyo.ThemePicker.csproj", "{A32F6947-393A-4E3F-86A9-A4D6B948AC51}"
EndProject
Project("{FAE04EC0-301F-11D3-BF4B-00C04F79EFBC}") = "Website", "Website\Website.csproj", "{69D2EDC4-ECB7-4B95-BC9D-32AD4C5901CC}"
EndProject
Global
	GlobalSection(SolutionConfigurationPlatforms) = preSolution
		Debug|Any CPU = Debug|Any CPU
		Release|Any CPU = Release|Any CPU
	EndGlobalSection
	GlobalSection(ProjectConfigurationPlatforms) = postSolution
		{A32F6947-393A-4E3F-86A9-A4D6B948AC51}.Debug|Any CPU.ActiveCfg = Debug|Any CPU
		{A32F6947-393A-4E3F-86A9-A4D6B948AC51}.Debug|Any CPU.Build.0 = Debug|Any CPU
		{A32F6947-393A-4E3F-86A9-A4D6B948AC51}.Release|Any CPU.ActiveCfg = Release|Any CPU
		{A32F6947-393A-4E3F-86A9-A4D6B948AC51}.Release|Any CPU.Build.0 = Release|Any CPU
		{69D2EDC4-ECB7-4B95-BC9D-32AD4C5901CC}.Debug|Any CPU.ActiveCfg = Debug|Any CPU
		{69D2EDC4-ECB7-4B95-BC9D-32AD4C5901CC}.Release|Any CPU.ActiveCfg = Release|Any CPU
		{69D2EDC4-ECB7-4B95-BC9D-32AD4C5901CC}.Release|Any CPU.Build.0 = Release|Any CPU
	EndGlobalSection
	GlobalSection(SolutionProperties) = preSolution
		HideSolutionNode = FALSE
	EndGlobalSection
	GlobalSection(ExtensibilityGlobals) = postSolution
		SolutionGuid = {6976F803-D9E0-41E5-A52B-06208E9B4C34}
	EndGlobalSection
EndGlobal
